
Microsoft Visual Studio Solution File, Format Version 12.00
# Visual Studio Version 16
VisualStudioVersion = 16.0.31410.357
MinimumVisualStudioVersion = 10.0.40219.1
Project("{9A19103F-16F7-4668-BE54-9A1E7A4F7556}") = "Poc.Claims", "Poc.Claims\Poc.Claims.csproj", "{0588FDB5-E8E1-4044-A136-D0E39BD54161}"
EndProject
Project("{9A19103F-16F7-4668-BE54-9A1E7A4F7556}") = "Poc.Claims.Specs", "Poc.Claims.Specs\Poc.Claims.Specs.csproj", "{DB1C8E7F-4982-4A32-9830-CABA1C9BAE4F}"
EndProject
Project("{9A19103F-16F7-4668-BE54-9A1E7A4F7556}") = "Poc.Claims.Api", "Poc.Claims.Api\Poc.Claims.Api.csproj", "{C8DBEA16-B370-46DD-A391-FA6A26942A47}"
EndProject
Project("{9A19103F-16F7-4668-BE54-9A1E7A4F7556}") = "Poc.Claims.Services", "Poc.Claims.Services\Poc.Claims.Services.csproj", "{689B456D-34DE-4710-B1A5-97CD241CAB74}"
EndProject
Project("{2150E333-8FDC-42A3-9474-1A3956D46DE8}") = "Solution Items", "Solution Items", "{09609B4F-1EBD-4C61-B68C-492BA65A3E48}"
	ProjectSection(SolutionItems) = preProject
		DBCreationScript.txt = DBCreationScript.txt
	EndProjectSection
EndProject
Project("{9A19103F-16F7-4668-BE54-9A1E7A4F7556}") = "Poc.Claims.IntegrationTests", "Poc.Claims.IntegrationTests\Poc.Claims.IntegrationTests.csproj", "{21ABC483-6025-463F-A1F6-729E129DDDC7}"
EndProject
Project("{9A19103F-16F7-4668-BE54-9A1E7A4F7556}") = "Poc.Claims.Experiments", "Poc.Claims.Experiments\Poc.Claims.Experiments.csproj", "{BC18694E-D01E-47B3-9B25-C5D8D448BCF7}"
EndProject
Project("{FAE04EC0-301F-11D3-BF4B-00C04F79EFBC}") = "Poc.Claims.UnitTests", "Poc.Claims.UnitTests\Poc.Claims.UnitTests.csproj", "{4C390C48-FDEE-46C7-81A6-BD796636EBC1}"
EndProject
Global
	GlobalSection(SolutionConfigurationPlatforms) = preSolution
		Debug|Any CPU = Debug|Any CPU
		Release|Any CPU = Release|Any CPU
	EndGlobalSection
	GlobalSection(ProjectConfigurationPlatforms) = postSolution
		{0588FDB5-E8E1-4044-A136-D0E39BD54161}.Debug|Any CPU.ActiveCfg = Debug|Any CPU
		{0588FDB5-E8E1-4044-A136-D0E39BD54161}.Debug|Any CPU.Build.0 = Debug|Any CPU
		{0588FDB5-E8E1-4044-A136-D0E39BD54161}.Release|Any CPU.ActiveCfg = Release|Any CPU
		{0588FDB5-E8E1-4044-A136-D0E39BD54161}.Release|Any CPU.Build.0 = Release|Any CPU
		{DB1C8E7F-4982-4A32-9830-CABA1C9BAE4F}.Debug|Any CPU.ActiveCfg = Debug|Any CPU
		{DB1C8E7F-4982-4A32-9830-CABA1C9BAE4F}.Debug|Any CPU.Build.0 = Debug|Any CPU
		{DB1C8E7F-4982-4A32-9830-CABA1C9BAE4F}.Release|Any CPU.ActiveCfg = Release|Any CPU
		{DB1C8E7F-4982-4A32-9830-CABA1C9BAE4F}.Release|Any CPU.Build.0 = Release|Any CPU
		{C8DBEA16-B370-46DD-A391-FA6A26942A47}.Debug|Any CPU.ActiveCfg = Debug|Any CPU
		{C8DBEA16-B370-46DD-A391-FA6A26942A47}.Debug|Any CPU.Build.0 = Debug|Any CPU
		{C8DBEA16-B370-46DD-A391-FA6A26942A47}.Release|Any CPU.ActiveCfg = Release|Any CPU
		{C8DBEA16-B370-46DD-A391-FA6A26942A47}.Release|Any CPU.Build.0 = Release|Any CPU
		{689B456D-34DE-4710-B1A5-97CD241CAB74}.Debug|Any CPU.ActiveCfg = Debug|Any CPU
		{689B456D-34DE-4710-B1A5-97CD241CAB74}.Debug|Any CPU.Build.0 = Debug|Any CPU
		{689B456D-34DE-4710-B1A5-97CD241CAB74}.Release|Any CPU.ActiveCfg = Release|Any CPU
		{689B456D-34DE-4710-B1A5-97CD241CAB74}.Release|Any CPU.Build.0 = Release|Any CPU
		{21ABC483-6025-463F-A1F6-729E129DDDC7}.Debug|Any CPU.ActiveCfg = Debug|Any CPU
		{21ABC483-6025-463F-A1F6-729E129DDDC7}.Debug|Any CPU.Build.0 = Debug|Any CPU
		{21ABC483-6025-463F-A1F6-729E129DDDC7}.Release|Any CPU.ActiveCfg = Release|Any CPU
		{21ABC483-6025-463F-A1F6-729E129DDDC7}.Release|Any CPU.Build.0 = Release|Any CPU
		{BC18694E-D01E-47B3-9B25-C5D8D448BCF7}.Debug|Any CPU.ActiveCfg = Debug|Any CPU
		{BC18694E-D01E-47B3-9B25-C5D8D448BCF7}.Debug|Any CPU.Build.0 = Debug|Any CPU
		{BC18694E-D01E-47B3-9B25-C5D8D448BCF7}.Release|Any CPU.ActiveCfg = Release|Any CPU
		{BC18694E-D01E-47B3-9B25-C5D8D448BCF7}.Release|Any CPU.Build.0 = Release|Any CPU
		{4C390C48-FDEE-46C7-81A6-BD796636EBC1}.Debug|Any CPU.ActiveCfg = Debug|Any CPU
		{4C390C48-FDEE-46C7-81A6-BD796636EBC1}.Debug|Any CPU.Build.0 = Debug|Any CPU
		{4C390C48-FDEE-46C7-81A6-BD796636EBC1}.Release|Any CPU.ActiveCfg = Release|Any CPU
		{4C390C48-FDEE-46C7-81A6-BD796636EBC1}.Release|Any CPU.Build.0 = Release|Any CPU
	EndGlobalSection
	GlobalSection(SolutionProperties) = preSolution
		HideSolutionNode = FALSE
	EndGlobalSection
	GlobalSection(ExtensibilityGlobals) = postSolution
		SolutionGuid = {988114AE-9D4C-4735-87EB-CD040738F563}
	EndGlobalSection
EndGlobal
