
Microsoft Visual Studio Solution File, Format Version 12.00
# Visual Studio Version 16
VisualStudioVersion = 16.0.31410.357
MinimumVisualStudioVersion = 10.0.40219.1
Project("{FAE04EC0-301F-11D3-BF4B-00C04F79EFBC}") = "Poc.Claims", "Poc.Claims\Poc.Claims.csproj", "{0588FDB5-E8E1-4044-A136-D0E39BD54161}"
EndProject
Project("{FAE04EC0-301F-11D3-BF4B-00C04F79EFBC}") = "Poc.Claims.Specs", "Poc.Claims.Specs\Poc.Claims.Specs.csproj", "{DB1C8E7F-4982-4A32-9830-CABA1C9BAE4F}"
EndProject
Global
	GlobalSection(SolutionConfigurationPlatforms) = preSolution
		Debug|Any CPU = Debug|Any CPU
		Release|Any CPU = Release|Any CPU
	EndGlobalSection
	GlobalSection(ProjectConfigurationPlatforms) = postSolution
		{0588FDB5-E8E1-4044-A136-D0E39BD54161}.Debug|Any CPU.ActiveCfg = Debug|Any CPU
		{0588FDB5-E8E1-4044-A136-D0E39BD54161}.Debug|Any CPU.Build.0 = Debug|Any CPU
		{0588FDB5-E8E1-4044-A136-D0E39BD54161}.Release|Any CPU.ActiveCfg = Release|Any CPU
		{0588FDB5-E8E1-4044-A136-D0E39BD54161}.Release|Any CPU.Build.0 = Release|Any CPU
		{DB1C8E7F-4982-4A32-9830-CABA1C9BAE4F}.Debug|Any CPU.ActiveCfg = Debug|Any CPU
		{DB1C8E7F-4982-4A32-9830-CABA1C9BAE4F}.Debug|Any CPU.Build.0 = Debug|Any CPU
		{DB1C8E7F-4982-4A32-9830-CABA1C9BAE4F}.Release|Any CPU.ActiveCfg = Release|Any CPU
		{DB1C8E7F-4982-4A32-9830-CABA1C9BAE4F}.Release|Any CPU.Build.0 = Release|Any CPU
	EndGlobalSection
	GlobalSection(SolutionProperties) = preSolution
		HideSolutionNode = FALSE
	EndGlobalSection
	GlobalSection(ExtensibilityGlobals) = postSolution
		SolutionGuid = {988114AE-9D4C-4735-87EB-CD040738F563}
	EndGlobalSection
EndGlobal
